
Microsoft Visual Studio Solution File, Format Version 12.00
# Visual Studio Version 17
VisualStudioVersion = 17.8.34511.84
MinimumVisualStudioVersion = 10.0.40219.1
Project("{FAE04EC0-301F-11D3-BF4B-00C04F79EFBC}") = "Assignment OOP C Sharp 1", "Assignment OOP C Sharp 1\Assignment OOP C Sharp 1.csproj", "{D2B773E7-FBA2-48F7-955A-B182064C4FD3}"
EndProject
Global
	GlobalSection(SolutionConfigurationPlatforms) = preSolution
		Debug|Any CPU = Debug|Any CPU
		Release|Any CPU = Release|Any CPU
	EndGlobalSection
	GlobalSection(ProjectConfigurationPlatforms) = postSolution
		{D2B773E7-FBA2-48F7-955A-B182064C4FD3}.Debug|Any CPU.ActiveCfg = Debug|Any CPU
		{D2B773E7-FBA2-48F7-955A-B182064C4FD3}.Debug|Any CPU.Build.0 = Debug|Any CPU
		{D2B773E7-FBA2-48F7-955A-B182064C4FD3}.Release|Any CPU.ActiveCfg = Release|Any CPU
		{D2B773E7-FBA2-48F7-955A-B182064C4FD3}.Release|Any CPU.Build.0 = Release|Any CPU
	EndGlobalSection
	GlobalSection(SolutionProperties) = preSolution
		HideSolutionNode = FALSE
	EndGlobalSection
	GlobalSection(ExtensibilityGlobals) = postSolution
		SolutionGuid = {C2BEA087-2D47-4F9B-9E38-0F48BA336785}
	EndGlobalSection
EndGlobal
